
Microsoft Visual Studio Solution File, Format Version 12.00
# Visual Studio Version 17
VisualStudioVersion = 17.9.34701.34
MinimumVisualStudioVersion = 10.0.40219.1
Project("{9A19103F-16F7-4668-BE54-9A1E7A4F7556}") = "Order.Domain", "Order.Domain\Order.Domain.csproj", "{C607E375-3BA7-4236-974E-B3F6155DE872}"
EndProject
Project("{9A19103F-16F7-4668-BE54-9A1E7A4F7556}") = "Order.Application", "Order.Application\Order.Application.csproj", "{1EED7658-2E40-4112-BC3D-C9F6BCBDB28D}"
EndProject
Project("{9A19103F-16F7-4668-BE54-9A1E7A4F7556}") = "Order.OrderAPI", "Order.OrderAPI\Order.OrderAPI.csproj", "{6CB3AA54-C853-4016-8566-66B6E4575EAD}"
EndProject
Project("{9A19103F-16F7-4668-BE54-9A1E7A4F7556}") = "Order.Infrastructure", "Order.Infrastructure\Order.Infrastructure.csproj", "{725FD211-8962-46B8-A9CD-689056630226}"
EndProject
Project("{9A19103F-16F7-4668-BE54-9A1E7A4F7556}") = "Order.Tests", "Order.Tests\Order.Tests.csproj", "{B7D02C3E-50A6-4AB5-8066-A8F21756A88E}"
EndProject
Project("{54A90642-561A-4BB1-A94E-469ADEE60C69}") = "order.presentation", "Order.Presentation\order.presentation.esproj", "{40B41E16-98F2-4D7E-AC1C-F43943B88333}"
EndProject
Project("{2150E333-8FDC-42A3-9474-1A3956D46DE8}") = "LoadTest", "LoadTest", "{72729E82-7E4D-47F4-8F28-6A3AB6DEE767}"
	ProjectSection(SolutionItems) = preProject
		locustfile.py = locustfile.py
	EndProjectSection
EndProject
Global
	GlobalSection(SolutionConfigurationPlatforms) = preSolution
		Debug|Any CPU = Debug|Any CPU
		Release|Any CPU = Release|Any CPU
	EndGlobalSection
	GlobalSection(ProjectConfigurationPlatforms) = postSolution
		{C607E375-3BA7-4236-974E-B3F6155DE872}.Debug|Any CPU.ActiveCfg = Debug|Any CPU
		{C607E375-3BA7-4236-974E-B3F6155DE872}.Debug|Any CPU.Build.0 = Debug|Any CPU
		{C607E375-3BA7-4236-974E-B3F6155DE872}.Release|Any CPU.ActiveCfg = Release|Any CPU
		{C607E375-3BA7-4236-974E-B3F6155DE872}.Release|Any CPU.Build.0 = Release|Any CPU
		{1EED7658-2E40-4112-BC3D-C9F6BCBDB28D}.Debug|Any CPU.ActiveCfg = Debug|Any CPU
		{1EED7658-2E40-4112-BC3D-C9F6BCBDB28D}.Debug|Any CPU.Build.0 = Debug|Any CPU
		{1EED7658-2E40-4112-BC3D-C9F6BCBDB28D}.Release|Any CPU.ActiveCfg = Release|Any CPU
		{1EED7658-2E40-4112-BC3D-C9F6BCBDB28D}.Release|Any CPU.Build.0 = Release|Any CPU
		{6CB3AA54-C853-4016-8566-66B6E4575EAD}.Debug|Any CPU.ActiveCfg = Debug|Any CPU
		{6CB3AA54-C853-4016-8566-66B6E4575EAD}.Debug|Any CPU.Build.0 = Debug|Any CPU
		{6CB3AA54-C853-4016-8566-66B6E4575EAD}.Release|Any CPU.ActiveCfg = Release|Any CPU
		{6CB3AA54-C853-4016-8566-66B6E4575EAD}.Release|Any CPU.Build.0 = Release|Any CPU
		{725FD211-8962-46B8-A9CD-689056630226}.Debug|Any CPU.ActiveCfg = Debug|Any CPU
		{725FD211-8962-46B8-A9CD-689056630226}.Debug|Any CPU.Build.0 = Debug|Any CPU
		{725FD211-8962-46B8-A9CD-689056630226}.Release|Any CPU.ActiveCfg = Release|Any CPU
		{725FD211-8962-46B8-A9CD-689056630226}.Release|Any CPU.Build.0 = Release|Any CPU
		{B7D02C3E-50A6-4AB5-8066-A8F21756A88E}.Debug|Any CPU.ActiveCfg = Debug|Any CPU
		{B7D02C3E-50A6-4AB5-8066-A8F21756A88E}.Debug|Any CPU.Build.0 = Debug|Any CPU
		{B7D02C3E-50A6-4AB5-8066-A8F21756A88E}.Release|Any CPU.ActiveCfg = Release|Any CPU
		{B7D02C3E-50A6-4AB5-8066-A8F21756A88E}.Release|Any CPU.Build.0 = Release|Any CPU
		{40B41E16-98F2-4D7E-AC1C-F43943B88333}.Debug|Any CPU.ActiveCfg = Debug|Any CPU
		{40B41E16-98F2-4D7E-AC1C-F43943B88333}.Debug|Any CPU.Build.0 = Debug|Any CPU
		{40B41E16-98F2-4D7E-AC1C-F43943B88333}.Debug|Any CPU.Deploy.0 = Debug|Any CPU
		{40B41E16-98F2-4D7E-AC1C-F43943B88333}.Release|Any CPU.ActiveCfg = Release|Any CPU
		{40B41E16-98F2-4D7E-AC1C-F43943B88333}.Release|Any CPU.Build.0 = Release|Any CPU
		{40B41E16-98F2-4D7E-AC1C-F43943B88333}.Release|Any CPU.Deploy.0 = Release|Any CPU
	EndGlobalSection
	GlobalSection(SolutionProperties) = preSolution
		HideSolutionNode = FALSE
	EndGlobalSection
	GlobalSection(ExtensibilityGlobals) = postSolution
		SolutionGuid = {9CF5414E-92AF-405F-B9EC-079A404F12C4}
	EndGlobalSection
EndGlobal
